
Microsoft Visual Studio Solution File, Format Version 12.00
# Visual Studio 14
VisualStudioVersion = 14.0.24720.0
MinimumVisualStudioVersion = 10.0.40219.1
Project("{FAE04EC0-301F-11D3-BF4B-00C04F79EFBC}") = "EntityProject", "EntityProject\EntityProject.csproj", "{5C365C70-2550-4BFB-9620-646CB59B212D}"
EndProject
Project("{FAE04EC0-301F-11D3-BF4B-00C04F79EFBC}") = "MyMediaApp", "MyMediaApp\MyMediaApp.csproj", "{23DAAF74-A0C3-4E43-BF57-93124EC9037A}"
EndProject
Project("{FAE04EC0-301F-11D3-BF4B-00C04F79EFBC}") = "DBFirst", "DBFirst\DBFirst.csproj", "{DBB344B5-EE7E-47F7-BE7A-DE5FC231F1C7}"
EndProject
Global
	GlobalSection(SolutionConfigurationPlatforms) = preSolution
		Debug|Any CPU = Debug|Any CPU
		Release|Any CPU = Release|Any CPU
	EndGlobalSection
	GlobalSection(ProjectConfigurationPlatforms) = postSolution
		{5C365C70-2550-4BFB-9620-646CB59B212D}.Debug|Any CPU.ActiveCfg = Debug|Any CPU
		{5C365C70-2550-4BFB-9620-646CB59B212D}.Debug|Any CPU.Build.0 = Debug|Any CPU
		{5C365C70-2550-4BFB-9620-646CB59B212D}.Release|Any CPU.ActiveCfg = Release|Any CPU
		{5C365C70-2550-4BFB-9620-646CB59B212D}.Release|Any CPU.Build.0 = Release|Any CPU
		{23DAAF74-A0C3-4E43-BF57-93124EC9037A}.Debug|Any CPU.ActiveCfg = Debug|Any CPU
		{23DAAF74-A0C3-4E43-BF57-93124EC9037A}.Debug|Any CPU.Build.0 = Debug|Any CPU
		{23DAAF74-A0C3-4E43-BF57-93124EC9037A}.Release|Any CPU.ActiveCfg = Release|Any CPU
		{23DAAF74-A0C3-4E43-BF57-93124EC9037A}.Release|Any CPU.Build.0 = Release|Any CPU
		{DBB344B5-EE7E-47F7-BE7A-DE5FC231F1C7}.Debug|Any CPU.ActiveCfg = Debug|Any CPU
		{DBB344B5-EE7E-47F7-BE7A-DE5FC231F1C7}.Debug|Any CPU.Build.0 = Debug|Any CPU
		{DBB344B5-EE7E-47F7-BE7A-DE5FC231F1C7}.Release|Any CPU.ActiveCfg = Release|Any CPU
		{DBB344B5-EE7E-47F7-BE7A-DE5FC231F1C7}.Release|Any CPU.Build.0 = Release|Any CPU
	EndGlobalSection
	GlobalSection(SolutionProperties) = preSolution
		HideSolutionNode = FALSE
	EndGlobalSection
EndGlobal
